
Microsoft Visual Studio Solution File, Format Version 12.00
# Visual Studio 15
VisualStudioVersion = 15.0.27130.2026
MinimumVisualStudioVersion = 10.0.40219.1
Project("{FAE04EC0-301F-11D3-BF4B-00C04F79EFBC}") = "CartsMVC", "CartsMVC\CartsMVC.csproj", "{5EA20352-50E5-44C2-9DD4-7E7A8BF9F1CB}"
EndProject
Global
	GlobalSection(SolutionConfigurationPlatforms) = preSolution
		Debug|Any CPU = Debug|Any CPU
		Release|Any CPU = Release|Any CPU
	EndGlobalSection
	GlobalSection(ProjectConfigurationPlatforms) = postSolution
		{5EA20352-50E5-44C2-9DD4-7E7A8BF9F1CB}.Debug|Any CPU.ActiveCfg = Debug|Any CPU
		{5EA20352-50E5-44C2-9DD4-7E7A8BF9F1CB}.Debug|Any CPU.Build.0 = Debug|Any CPU
		{5EA20352-50E5-44C2-9DD4-7E7A8BF9F1CB}.Release|Any CPU.ActiveCfg = Release|Any CPU
		{5EA20352-50E5-44C2-9DD4-7E7A8BF9F1CB}.Release|Any CPU.Build.0 = Release|Any CPU
	EndGlobalSection
	GlobalSection(SolutionProperties) = preSolution
		HideSolutionNode = FALSE
	EndGlobalSection
	GlobalSection(ExtensibilityGlobals) = postSolution
		SolutionGuid = {A249A8D6-AA55-413E-BD4A-1327A59855F3}
	EndGlobalSection
EndGlobal
